<?xml version="1.0" encoding="utf-8"?>
<Project ToolsVersion="4.0" xmlns="http://schemas.microsoft.com/developer/msbuild/2003">
  <ItemGroup>
    <Filter Include="소스 파일">
      <UniqueIdentifier>{4FC737F1-C7A5-4376-A066-2A32D752A2FF}</UniqueIdentifier>
      <Extensions>cpp;c;cc;cxx;c++;cppm;ixx;def;odl;idl;hpj;bat;asm;asmx</Extensions>
    </Filter>
    <Filter Include="헤더 파일">
      <UniqueIdentifier>{93995380-89BD-4b04-88EB-625FBE52EBFB}</UniqueIdentifier>
      <Extensions>h;hh;hpp;hxx;h++;hm;inl;inc;ipp;xsd</Extensions>
    </Filter>
    <Filter Include="리소스 파일">
      <UniqueIdentifier>{67DA6AB6-F800-4c08-8B7A-83BB121AAD01}</UniqueIdentifier>
      <Extensions>rc;ico;cur;bmp;dlg;rc2;rct;bin;rgs;gif;jpg;jpeg;jpe;resx;tiff;tif;png;wav;mfcribbon-ms</Extensions>
    </Filter>
    <Filter Include="Characters">
      <UniqueIdentifier>{23b8b9ad-cf3c-42a3-a92e-020606c9d3e2}</UniqueIdentifier>
    </Filter>
    <Filter Include="Characters\Players">
      <UniqueIdentifier>{923593e5-189b-4465-9b95-0e03e666c845}</UniqueIdentifier>
    </Filter>
    <Filter Include="Characters\Monsters">
      <UniqueIdentifier>{41e52292-db7c-45b9-86ab-beb104f2b708}</UniqueIdentifier>
    </Filter>
    <Filter Include="Systems">
      <UniqueIdentifier>{957ce698-38de-4f34-9ea3-331b87d98c21}</UniqueIdentifier>
    </Filter>
    <Filter Include="Systems\PotionSystem">
      <UniqueIdentifier>{2a1c7701-af99-4d80-860a-d4d87474b7dc}</UniqueIdentifier>
    </Filter>
    <Filter Include="Systems\UISystem">
      <UniqueIdentifier>{c3380df3-3c2e-44f6-a28f-852aa95c191a}</UniqueIdentifier>
    </Filter>
    <Filter Include="Systems\InventorySystem">
      <UniqueIdentifier>{829cfc02-9f02-4d15-9342-268590176d43}</UniqueIdentifier>
    </Filter>
    <Filter Include="Systems\RandomSystem">
      <UniqueIdentifier>{2c603394-d111-4944-8cbb-9c36325668dd}</UniqueIdentifier>
    </Filter>
    <Filter Include="Systems\LevelSystem">
      <UniqueIdentifier>{3c457d97-635d-4002-8d9b-c3cfe10093d6}</UniqueIdentifier>
    </Filter>
    <Filter Include="Inventory">
      <UniqueIdentifier>{b5c11597-8a23-42fe-979d-515f36e272ed}</UniqueIdentifier>
    </Filter>
    <Filter Include="Systems\RewardSystem">
      <UniqueIdentifier>{ab6494f0-36e2-4914-be77-49c254e061d8}</UniqueIdentifier>
    </Filter>
    <Filter Include="Systems\InputSystem">
      <UniqueIdentifier>{7d2302ad-0b07-4700-a605-5a233b92990f}</UniqueIdentifier>
    </Filter>
    <Filter Include="Systems\CrafterSystem">
      <UniqueIdentifier>{205c40b5-4504-4561-83dc-eb0365bbe39b}</UniqueIdentifier>
    </Filter>
    <Filter Include="Item">
      <UniqueIdentifier>{5e4527ec-26b6-4d7e-9f8f-6239edd74142}</UniqueIdentifier>
    </Filter>
    <Filter Include="Managers">
      <UniqueIdentifier>{7c8ab127-ed02-4124-9b06-dded06c0671d}</UniqueIdentifier>
    </Filter>
    <Filter Include="Managers\CombatManager">
      <UniqueIdentifier>{10b65acb-bd5d-4cc2-b6b6-c75f1917742e}</UniqueIdentifier>
    </Filter>
    <Filter Include="Managers\GameManager">
      <UniqueIdentifier>{c832470c-0036-4f6a-85d7-db53a43ac8fd}</UniqueIdentifier>
    </Filter>
    <Filter Include="Managers\ShopManager">
      <UniqueIdentifier>{cc733699-87e8-4149-9a5f-a7ac8a7b58fc}</UniqueIdentifier>
    </Filter>
    <Filter Include="Systems\ShopSystem">
      <UniqueIdentifier>{38adc304-4e0c-4be2-99bb-7f4928bbb1e2}</UniqueIdentifier>
    </Filter>
    <Filter Include="Skill">
      <UniqueIdentifier>{632e2861-f107-4b69-bc78-a91defd05629}</UniqueIdentifier>
    </Filter>
    <Filter Include="Systems\SkillSystem">
      <UniqueIdentifier>{b8d16026-968b-40ae-9234-61c941fa583f}</UniqueIdentifier>
    </Filter>
    <Filter Include="Managers\DungeonManager">
      <UniqueIdentifier>{26f12822-856b-470c-9e8f-e5b8cc98dbe2}</UniqueIdentifier>
    </Filter>
    <Filter Include="Systems\SpawnSystem">
      <UniqueIdentifier>{3b660045-3222-47f0-9a9b-f99583fc3345}</UniqueIdentifier>
    </Filter>
  </ItemGroup>
  <ItemGroup>
    <ClCompile Include="cpp-text-rpg.cpp">
      <Filter>소스 파일</Filter>
    </ClCompile>
    <ClCompile Include="Character.cpp">
      <Filter>Characters</Filter>
    </ClCompile>
    <ClCompile Include="Monster.cpp">
      <Filter>Characters\Monsters</Filter>
    </ClCompile>
    <ClCompile Include="Player.cpp">
      <Filter>Characters\Players</Filter>
    </ClCompile>
    <ClCompile Include="Warrior.cpp">
      <Filter>Characters\Players</Filter>
    </ClCompile>
    <ClCompile Include="Mage.cpp">
      <Filter>Characters\Players</Filter>
    </ClCompile>
    <ClCompile Include="Archer.cpp">
      <Filter>Characters\Players</Filter>
    </ClCompile>
    <ClCompile Include="Rogue.cpp">
      <Filter>Characters\Players</Filter>
    </ClCompile>
    <ClCompile Include="NoJob.cpp">
      <Filter>Characters\Players</Filter>
    </ClCompile>
    <ClCompile Include="CombatManager.cpp">
      <Filter>Managers\CombatManager</Filter>
    </ClCompile>
    <ClCompile Include="GameManager.cpp">
      <Filter>Managers\GameManager</Filter>
    </ClCompile>
    <ClCompile Include="PotionSystem.cpp">
      <Filter>Systems\PotionSystem</Filter>
    </ClCompile>
    <ClCompile Include="UISystem.cpp">
      <Filter>Systems\UISystem</Filter>
    </ClCompile>
    <ClCompile Include="InventorySystem.cpp">
      <Filter>Systems\InventorySystem</Filter>
    </ClCompile>
    <ClCompile Include="RandomSystem.cpp">
      <Filter>Systems\RandomSystem</Filter>
    </ClCompile>
    <ClCompile Include="LevelSystem.cpp">
      <Filter>Systems\LevelSystem</Filter>
    </ClCompile>
    <ClCompile Include="Inventory.cpp">
      <Filter>Inventory</Filter>
    </ClCompile>
    <ClCompile Include="Item.cpp">
      <Filter>Item</Filter>
    </ClCompile>
    <ClCompile Include="RewardSystem.cpp">
      <Filter>Systems\RewardSystem</Filter>
    </ClCompile>
    <ClCompile Include="InputSystem.cpp">
      <Filter>Systems\InputSystem</Filter>
    </ClCompile>
    <ClCompile Include="CrafterSystem.cpp">
      <Filter>Systems\CrafterSystem</Filter>
    </ClCompile>
    <ClCompile Include="ShopManager.cpp">
      <Filter>Managers\ShopManager</Filter>
    </ClCompile>
    <ClCompile Include="ShopSystem.cpp">
      <Filter>Systems\ShopSystem</Filter>
    </ClCompile>
    <ClCompile Include="Skill.cpp">
      <Filter>Skill</Filter>
    </ClCompile>
    <ClCompile Include="SkillSystem.cpp">
      <Filter>Systems\SkillSystem</Filter>
    </ClCompile>
    <ClCompile Include="DungeonManager.cpp">
      <Filter>Managers\DungeonManager</Filter>
    </ClCompile>
    <ClCompile Include="SpawnSystem.cpp">
      <Filter>Systems\SpawnSystem</Filter>
    </ClCompile>
  </ItemGroup>
  <ItemGroup>
    <ClInclude Include="Character.h">
      <Filter>Characters</Filter>
    </ClInclude>
    <ClInclude Include="Monster.h">
      <Filter>Characters\Monsters</Filter>
    </ClInclude>
    <ClInclude Include="Player.h">
      <Filter>Characters\Players</Filter>
    </ClInclude>
    <ClInclude Include="Warrior.h">
      <Filter>Characters\Players</Filter>
    </ClInclude>
    <ClInclude Include="Mage.h">
      <Filter>Characters\Players</Filter>
    </ClInclude>
    <ClInclude Include="Archer.h">
      <Filter>Characters\Players</Filter>
    </ClInclude>
    <ClInclude Include="Rogue.h">
      <Filter>Characters\Players</Filter>
    </ClInclude>
    <ClInclude Include="NoJob.h">
      <Filter>Characters\Players</Filter>
    </ClInclude>
    <ClInclude Include="Players.h">
      <Filter>Characters\Players</Filter>
    </ClInclude>
    <ClInclude Include="CombatManager.h">
      <Filter>Managers\CombatManager</Filter>
    </ClInclude>
    <ClInclude Include="GameManager.h">
      <Filter>Managers\GameManager</Filter>
    </ClInclude>
    <ClInclude Include="PotionSystem.h">
      <Filter>Systems\PotionSystem</Filter>
    </ClInclude>
    <ClInclude Include="UISystem.h">
      <Filter>Systems\UISystem</Filter>
    </ClInclude>
    <ClInclude Include="InventorySystem.h">
      <Filter>Systems\InventorySystem</Filter>
    </ClInclude>
    <ClInclude Include="RandomSystem.h">
      <Filter>Systems\RandomSystem</Filter>
    </ClInclude>
    <ClInclude Include="Singleton.h">
      <Filter>헤더 파일</Filter>
    </ClInclude>
    <ClInclude Include="LevelSystem.h">
      <Filter>Systems\LevelSystem</Filter>
    </ClInclude>
    <ClInclude Include="Inventory.h">
      <Filter>Inventory</Filter>
    </ClInclude>
    <ClInclude Include="Item.h">
      <Filter>Item</Filter>
    </ClInclude>
    <ClInclude Include="RewardSystem.h">
      <Filter>Systems\RewardSystem</Filter>
    </ClInclude>
    <ClInclude Include="InputSystem.h">
      <Filter>Systems\InputSystem</Filter>
    </ClInclude>
    <ClInclude Include="CrafterSystem.h">
      <Filter>Systems\CrafterSystem</Filter>
    </ClInclude>
    <ClInclude Include="ShopManager.h">
      <Filter>Managers\ShopManager</Filter>
    </ClInclude>
    <ClInclude Include="ShopSystem.h">
      <Filter>Systems\ShopSystem</Filter>
    </ClInclude>
    <ClInclude Include="Skill.h">
      <Filter>Skill</Filter>
    </ClInclude>
    <ClInclude Include="SkillSystem.h">
      <Filter>Systems\SkillSystem</Filter>
    </ClInclude>
    <ClInclude Include="DungeonManager.h">
      <Filter>Managers\DungeonManager</Filter>
    </ClInclude>
    <ClInclude Include="SpawnSystem.h">
      <Filter>Systems\SpawnSystem</Filter>
    </ClInclude>
  </ItemGroup>
</Project>